// !$*UTF8*$!
{
	archiveVersion = 1;
	classes = {
	};
	objectVersion = 50;
	objects = {

/* Begin PBXBuildFile section */
		8036D63622DCCAA40080775C /* Customer.swift in Sources */ = {isa = PBXBuildFile; fileRef = 8036D63522DCCAA40080775C /* Customer.swift */; };
		804F4FC722DB67180083044C /* AppDelegate.swift in Sources */ = {isa = PBXBuildFile; fileRef = 804F4FC622DB67180083044C /* AppDelegate.swift */; };
		804F4FC922DB67180083044C /* LoginVC.swift in Sources */ = {isa = PBXBuildFile; fileRef = 804F4FC822DB67180083044C /* LoginVC.swift */; };
		804F4FCC22DB67180083044C /* Main.storyboard in Resources */ = {isa = PBXBuildFile; fileRef = 804F4FCA22DB67180083044C /* Main.storyboard */; };
		804F4FCE22DB67190083044C /* Assets.xcassets in Resources */ = {isa = PBXBuildFile; fileRef = 804F4FCD22DB67190083044C /* Assets.xcassets */; };
		804F4FD122DB67190083044C /* LaunchScreen.storyboard in Resources */ = {isa = PBXBuildFile; fileRef = 804F4FCF22DB67190083044C /* LaunchScreen.storyboard */; };
		804F4FDC22DC33130083044C /* User.swift in Sources */ = {isa = PBXBuildFile; fileRef = 804F4FDB22DC33130083044C /* User.swift */; };
		804F4FDE22DC34E30083044C /* UrlAddresses.swift in Sources */ = {isa = PBXBuildFile; fileRef = 804F4FDD22DC34E30083044C /* UrlAddresses.swift */; };
		804F4FE222DC51700083044C /* UserVC.swift in Sources */ = {isa = PBXBuildFile; fileRef = 804F4FE122DC51700083044C /* UserVC.swift */; };
		804F4FE422DC5FF40083044C /* Project.swift in Sources */ = {isa = PBXBuildFile; fileRef = 804F4FE322DC5FF40083044C /* Project.swift */; };
		804F4FE622DCAB120083044C /* ProjectCVC.swift in Sources */ = {isa = PBXBuildFile; fileRef = 804F4FE522DCAB120083044C /* ProjectCVC.swift */; };
		804F4FE822DCACD80083044C /* Extension.swift in Sources */ = {isa = PBXBuildFile; fileRef = 804F4FE722DCACD80083044C /* Extension.swift */; };
		80C3413322DDA846001F77F5 /* CustomerListVC.swift in Sources */ = {isa = PBXBuildFile; fileRef = 80C3413222DDA846001F77F5 /* CustomerListVC.swift */; };
		80C3413522DDB700001F77F5 /* CustomerListTVC.swift in Sources */ = {isa = PBXBuildFile; fileRef = 80C3413422DDB700001F77F5 /* CustomerListTVC.swift */; };
		80C3413722DDC81C001F77F5 /* CustomerDetailTVC.swift in Sources */ = {isa = PBXBuildFile; fileRef = 80C3413622DDC81C001F77F5 /* CustomerDetailTVC.swift */; };
/* End PBXBuildFile section */

/* Begin PBXFileReference section */
		8036D63522DCCAA40080775C /* Customer.swift */ = {isa = PBXFileReference; lastKnownFileType = sourcecode.swift; path = Customer.swift; sourceTree = "<group>"; };
		804F4FC322DB67180083044C /* DatXanhManagement.app */ = {isa = PBXFileReference; explicitFileType = wrapper.application; includeInIndex = 0; path = DatXanhManagement.app; sourceTree = BUILT_PRODUCTS_DIR; };
		804F4FC622DB67180083044C /* AppDelegate.swift */ = {isa = PBXFileReference; lastKnownFileType = sourcecode.swift; path = AppDelegate.swift; sourceTree = "<group>"; };
		804F4FC822DB67180083044C /* LoginVC.swift */ = {isa = PBXFileReference; lastKnownFileType = sourcecode.swift; path = LoginVC.swift; sourceTree = "<group>"; };
		804F4FCB22DB67180083044C /* Base */ = {isa = PBXFileReference; lastKnownFileType = file.storyboard; name = Base; path = Base.lproj/Main.storyboard; sourceTree = "<group>"; };
		804F4FCD22DB67190083044C /* Assets.xcassets */ = {isa = PBXFileReference; lastKnownFileType = folder.assetcatalog; path = Assets.xcassets; sourceTree = "<group>"; };
		804F4FD022DB67190083044C /* Base */ = {isa = PBXFileReference; lastKnownFileType = file.storyboard; name = Base; path = Base.lproj/LaunchScreen.storyboard; sourceTree = "<group>"; };
		804F4FD222DB67190083044C /* Info.plist */ = {isa = PBXFileReference; lastKnownFileType = text.plist.xml; path = Info.plist; sourceTree = "<group>"; };
		804F4FDB22DC33130083044C /* User.swift */ = {isa = PBXFileReference; lastKnownFileType = sourcecode.swift; path = User.swift; sourceTree = "<group>"; };
		804F4FDD22DC34E30083044C /* UrlAddresses.swift */ = {isa = PBXFileReference; lastKnownFileType = sourcecode.swift; path = UrlAddresses.swift; sourceTree = "<group>"; };
		804F4FE122DC51700083044C /* UserVC.swift */ = {isa = PBXFileReference; lastKnownFileType = sourcecode.swift; path = UserVC.swift; sourceTree = "<group>"; };
		804F4FE322DC5FF40083044C /* Project.swift */ = {isa = PBXFileReference; lastKnownFileType = sourcecode.swift; path = Project.swift; sourceTree = "<group>"; };
		804F4FE522DCAB120083044C /* ProjectCVC.swift */ = {isa = PBXFileReference; lastKnownFileType = sourcecode.swift; path = ProjectCVC.swift; sourceTree = "<group>"; };
		804F4FE722DCACD80083044C /* Extension.swift */ = {isa = PBXFileReference; lastKnownFileType = sourcecode.swift; path = Extension.swift; sourceTree = "<group>"; };
		80C3413222DDA846001F77F5 /* CustomerListVC.swift */ = {isa = PBXFileReference; lastKnownFileType = sourcecode.swift; path = CustomerListVC.swift; sourceTree = "<group>"; };
		80C3413422DDB700001F77F5 /* CustomerListTVC.swift */ = {isa = PBXFileReference; lastKnownFileType = sourcecode.swift; path = CustomerListTVC.swift; sourceTree = "<group>"; };
		80C3413622DDC81C001F77F5 /* CustomerDetailTVC.swift */ = {isa = PBXFileReference; lastKnownFileType = sourcecode.swift; path = CustomerDetailTVC.swift; sourceTree = "<group>"; };
/* End PBXFileReference section */

/* Begin PBXFrameworksBuildPhase section */
		804F4FC022DB67180083044C /* Frameworks */ = {
			isa = PBXFrameworksBuildPhase;
			buildActionMask = 2147483647;
			files = (
			);
			runOnlyForDeploymentPostprocessing = 0;
		};
/* End PBXFrameworksBuildPhase section */

/* Begin PBXGroup section */
		804F4FBA22DB67180083044C = {
			isa = PBXGroup;
			children = (
				804F4FC522DB67180083044C /* DatXanhManagement */,
				804F4FC422DB67180083044C /* Products */,
			);
			sourceTree = "<group>";
		};
		804F4FC422DB67180083044C /* Products */ = {
			isa = PBXGroup;
			children = (
				804F4FC322DB67180083044C /* DatXanhManagement.app */,
			);
			name = Products;
			sourceTree = "<group>";
		};
		804F4FC522DB67180083044C /* DatXanhManagement */ = {
			isa = PBXGroup;
			children = (
				804F4FDA22DC32C90083044C /* Controller */,
				804F4FD922DC32C50083044C /* View */,
				804F4FD822DC32B60083044C /* Model */,
				804F4FCA22DB67180083044C /* Main.storyboard */,
				804F4FCD22DB67190083044C /* Assets.xcassets */,
				804F4FCF22DB67190083044C /* LaunchScreen.storyboard */,
				804F4FD222DB67190083044C /* Info.plist */,
				804F4FC622DB67180083044C /* AppDelegate.swift */,
				804F4FDD22DC34E30083044C /* UrlAddresses.swift */,
				804F4FE722DCACD80083044C /* Extension.swift */,
			);
			path = DatXanhManagement;
			sourceTree = "<group>";
		};
		804F4FD822DC32B60083044C /* Model */ = {
			isa = PBXGroup;
			children = (
				804F4FDB22DC33130083044C /* User.swift */,
				804F4FE322DC5FF40083044C /* Project.swift */,
				8036D63522DCCAA40080775C /* Customer.swift */,
			);
			path = Model;
			sourceTree = "<group>";
		};
		804F4FD922DC32C50083044C /* View */ = {
			isa = PBXGroup;
			children = (
				804F4FE522DCAB120083044C /* ProjectCVC.swift */,
				80C3413422DDB700001F77F5 /* CustomerListTVC.swift */,
				80C3413622DDC81C001F77F5 /* CustomerDetailTVC.swift */,
			);
			path = View;
			sourceTree = "<group>";
		};
		804F4FDA22DC32C90083044C /* Controller */ = {
			isa = PBXGroup;
			children = (
				804F4FC822DB67180083044C /* LoginVC.swift */,
				804F4FE122DC51700083044C /* UserVC.swift */,
				80C3413222DDA846001F77F5 /* CustomerListVC.swift */,
			);
			path = Controller;
			sourceTree = "<group>";
		};
/* End PBXGroup section */

/* Begin PBXNativeTarget section */
		804F4FC222DB67180083044C /* DatXanhManagement */ = {
			isa = PBXNativeTarget;
			buildConfigurationList = 804F4FD522DB67190083044C /* Build configuration list for PBXNativeTarget "DatXanhManagement" */;
			buildPhases = (
				804F4FBF22DB67180083044C /* Sources */,
				804F4FC022DB67180083044C /* Frameworks */,
				804F4FC122DB67180083044C /* Resources */,
			);
			buildRules = (
			);
			dependencies = (
			);
			name = DatXanhManagement;
			productName = DatXanhManagement;
			productReference = 804F4FC322DB67180083044C /* DatXanhManagement.app */;
			productType = "com.apple.product-type.application";
		};
/* End PBXNativeTarget section */

/* Begin PBXProject section */
		804F4FBB22DB67180083044C /* Project object */ = {
			isa = PBXProject;
			attributes = {
				LastSwiftUpdateCheck = 1010;
				LastUpgradeCheck = 1010;
				ORGANIZATIONNAME = "Trong Tran";
				TargetAttributes = {
					804F4FC222DB67180083044C = {
						CreatedOnToolsVersion = 10.1;
					};
				};
			};
			buildConfigurationList = 804F4FBE22DB67180083044C /* Build configuration list for PBXProject "DatXanhManagement" */;
			compatibilityVersion = "Xcode 9.3";
			developmentRegion = en;
			hasScannedForEncodings = 0;
			knownRegions = (
				en,
				Base,
			);
			mainGroup = 804F4FBA22DB67180083044C;
			productRefGroup = 804F4FC422DB67180083044C /* Products */;
			projectDirPath = "";
			projectRoot = "";
			targets = (
				804F4FC222DB67180083044C /* DatXanhManagement */,
			);
		};
/* End PBXProject section */

/* Begin PBXResourcesBuildPhase section */
		804F4FC122DB67180083044C /* Resources */ = {
			isa = PBXResourcesBuildPhase;
			buildActionMask = 2147483647;
			files = (
				804F4FD122DB67190083044C /* LaunchScreen.storyboard in Resources */,
				804F4FCE22DB67190083044C /* Assets.xcassets in Resources */,
				804F4FCC22DB67180083044C /* Main.storyboard in Resources */,
			);
			runOnlyForDeploymentPostprocessing = 0;
		};
/* End PBXResourcesBuildPhase section */

/* Begin PBXSourcesBuildPhase section */
		804F4FBF22DB67180083044C /* Sources */ = {
			isa = PBXSourcesBuildPhase;
			buildActionMask = 2147483647;
			files = (
				80C3413722DDC81C001F77F5 /* CustomerDetailTVC.swift in Sources */,
				80C3413322DDA846001F77F5 /* CustomerListVC.swift in Sources */,
				80C3413522DDB700001F77F5 /* CustomerListTVC.swift in Sources */,
				804F4FC922DB67180083044C /* LoginVC.swift in Sources */,
				804F4FE222DC51700083044C /* UserVC.swift in Sources */,
				804F4FC722DB67180083044C /* AppDelegate.swift in Sources */,
				804F4FDE22DC34E30083044C /* UrlAddresses.swift in Sources */,
				804F4FE622DCAB120083044C /* ProjectCVC.swift in Sources */,
				804F4FDC22DC33130083044C /* User.swift in Sources */,
				8036D63622DCCAA40080775C /* Customer.swift in Sources */,
				804F4FE422DC5FF40083044C /* Project.swift in Sources */,
				804F4FE822DCACD80083044C /* Extension.swift in Sources */,
			);
			runOnlyForDeploymentPostprocessing = 0;
		};
/* End PBXSourcesBuildPhase section */

/* Begin PBXVariantGroup section */
		804F4FCA22DB67180083044C /* Main.storyboard */ = {
			isa = PBXVariantGroup;
			children = (
				804F4FCB22DB67180083044C /* Base */,
			);
			name = Main.storyboard;
			sourceTree = "<group>";
		};
		804F4FCF22DB67190083044C /* LaunchScreen.storyboard */ = {
			isa = PBXVariantGroup;
			children = (
				804F4FD022DB67190083044C /* Base */,
			);
			name = LaunchScreen.storyboard;
			sourceTree = "<group>";
		};
/* End PBXVariantGroup section */

/* Begin XCBuildConfiguration section */
		804F4FD322DB67190083044C /* Debug */ = {
			isa = XCBuildConfiguration;
			buildSettings = {
				ALWAYS_SEARCH_USER_PATHS = NO;
				CLANG_ANALYZER_NONNULL = YES;
				CLANG_ANALYZER_NUMBER_OBJECT_CONVERSION = YES_AGGRESSIVE;
				CLANG_CXX_LANGUAGE_STANDARD = "gnu++14";
				CLANG_CXX_LIBRARY = "libc++";
				CLANG_ENABLE_MODULES = YES;
				CLANG_ENABLE_OBJC_ARC = YES;
				CLANG_ENABLE_OBJC_WEAK = YES;
				CLANG_WARN_BLOCK_CAPTURE_AUTORELEASING = YES;
				CLANG_WARN_BOOL_CONVERSION = YES;
				CLANG_WARN_COMMA = YES;
				CLANG_WARN_CONSTANT_CONVERSION = YES;
				CLANG_WARN_DEPRECATED_OBJC_IMPLEMENTATIONS = YES;
				CLANG_WARN_DIRECT_OBJC_ISA_USAGE = YES_ERROR;
				CLANG_WARN_DOCUMENTATION_COMMENTS = YES;
				CLANG_WARN_EMPTY_BODY = YES;
				CLANG_WARN_ENUM_CONVERSION = YES;
				CLANG_WARN_INFINITE_RECURSION = YES;
				CLANG_WARN_INT_CONVERSION = YES;
				CLANG_WARN_NON_LITERAL_NULL_CONVERSION = YES;
				CLANG_WARN_OBJC_IMPLICIT_RETAIN_SELF = YES;
				CLANG_WARN_OBJC_LITERAL_CONVERSION = YES;
				CLANG_WARN_OBJC_ROOT_CLASS = YES_ERROR;
				CLANG_WARN_RANGE_LOOP_ANALYSIS = YES;
				CLANG_WARN_STRICT_PROTOTYPES = YES;
				CLANG_WARN_SUSPICIOUS_MOVE = YES;
				CLANG_WARN_UNGUARDED_AVAILABILITY = YES_AGGRESSIVE;
				CLANG_WARN_UNREACHABLE_CODE = YES;
				CLANG_WARN__DUPLICATE_METHOD_MATCH = YES;
				CODE_SIGN_IDENTITY = "iPhone Developer";
				COPY_PHASE_STRIP = NO;
				DEBUG_INFORMATION_FORMAT = dwarf;
				ENABLE_STRICT_OBJC_MSGSEND = YES;
				ENABLE_TESTABILITY = YES;
				GCC_C_LANGUAGE_STANDARD = gnu11;
				GCC_DYNAMIC_NO_PIC = NO;
				GCC_NO_COMMON_BLOCKS = YES;
				GCC_OPTIMIZATION_LEVEL = 0;
				GCC_PREPROCESSOR_DEFINITIONS = (
					"DEBUG=1",
					"$(inherited)",
				);
				GCC_WARN_64_TO_32_BIT_CONVERSION = YES;
				GCC_WARN_ABOUT_RETURN_TYPE = YES_ERROR;
				GCC_WARN_UNDECLARED_SELECTOR = YES;
				GCC_WARN_UNINITIALIZED_AUTOS = YES_AGGRESSIVE;
				GCC_WARN_UNUSED_FUNCTION = YES;
				GCC_WARN_UNUSED_VARIABLE = YES;
				IPHONEOS_DEPLOYMENT_TARGET = 12.1;
				MTL_ENABLE_DEBUG_INFO = INCLUDE_SOURCE;
				MTL_FAST_MATH = YES;
				ONLY_ACTIVE_ARCH = YES;
				SDKROOT = iphoneos;
				SWIFT_ACTIVE_COMPILATION_CONDITIONS = DEBUG;
				SWIFT_OPTIMIZATION_LEVEL = "-Onone";
			};
			name = Debug;
		};
		804F4FD422DB67190083044C /* Release */ = {
			isa = XCBuildConfiguration;
			buildSettings = {
				ALWAYS_SEARCH_USER_PATHS = NO;
				CLANG_ANALYZER_NONNULL = YES;
				CLANG_ANALYZER_NUMBER_OBJECT_CONVERSION = YES_AGGRESSIVE;
				CLANG_CXX_LANGUAGE_STANDARD = "gnu++14";
				CLANG_CXX_LIBRARY = "libc++";
				CLANG_ENABLE_MODULES = YES;
				CLANG_ENABLE_OBJC_ARC = YES;
				CLANG_ENABLE_OBJC_WEAK = YES;
				CLANG_WARN_BLOCK_CAPTURE_AUTORELEASING = YES;
				CLANG_WARN_BOOL_CONVERSION = YES;
				CLANG_WARN_COMMA = YES;
				CLANG_WARN_CONSTANT_CONVERSION = YES;
				CLANG_WARN_DEPRECATED_OBJC_IMPLEMENTATIONS = YES;
				CLANG_WARN_DIRECT_OBJC_ISA_USAGE = YES_ERROR;
				CLANG_WARN_DOCUMENTATION_COMMENTS = YES;
				CLANG_WARN_EMPTY_BODY = YES;
				CLANG_WARN_ENUM_CONVERSION = YES;
				CLANG_WARN_INFINITE_RECURSION = YES;
				CLANG_WARN_INT_CONVERSION = YES;
				CLANG_WARN_NON_LITERAL_NULL_CONVERSION = YES;
				CLANG_WARN_OBJC_IMPLICIT_RETAIN_SELF = YES;
				CLANG_WARN_OBJC_LITERAL_CONVERSION = YES;
				CLANG_WARN_OBJC_ROOT_CLASS = YES_ERROR;
				CLANG_WARN_RANGE_LOOP_ANALYSIS = YES;
				CLANG_WARN_STRICT_PROTOTYPES = YES;
				CLANG_WARN_SUSPICIOUS_MOVE = YES;
				CLANG_WARN_UNGUARDED_AVAILABILITY = YES_AGGRESSIVE;
				CLANG_WARN_UNREACHABLE_CODE = YES;
				CLANG_WARN__DUPLICATE_METHOD_MATCH = YES;
				CODE_SIGN_IDENTITY = "iPhone Developer";
				COPY_PHASE_STRIP = NO;
				DEBUG_INFORMATION_FORMAT = "dwarf-with-dsym";
				ENABLE_NS_ASSERTIONS = NO;
				ENABLE_STRICT_OBJC_MSGSEND = YES;
				GCC_C_LANGUAGE_STANDARD = gnu11;
				GCC_NO_COMMON_BLOCKS = YES;
				GCC_WARN_64_TO_32_BIT_CONVERSION = YES;
				GCC_WARN_ABOUT_RETURN_TYPE = YES_ERROR;
				GCC_WARN_UNDECLARED_SELECTOR = YES;
				GCC_WARN_UNINITIALIZED_AUTOS = YES_AGGRESSIVE;
				GCC_WARN_UNUSED_FUNCTION = YES;
				GCC_WARN_UNUSED_VARIABLE = YES;
				IPHONEOS_DEPLOYMENT_TARGET = 12.1;
				MTL_ENABLE_DEBUG_INFO = NO;
				MTL_FAST_MATH = YES;
				SDKROOT = iphoneos;
				SWIFT_COMPILATION_MODE = wholemodule;
				SWIFT_OPTIMIZATION_LEVEL = "-O";
				VALIDATE_PRODUCT = YES;
			};
			name = Release;
		};
		804F4FD622DB67190083044C /* Debug */ = {
			isa = XCBuildConfiguration;
			buildSettings = {
				ASSETCATALOG_COMPILER_APPICON_NAME = AppIcon;
				CODE_SIGN_STYLE = Automatic;
				DEVELOPMENT_TEAM = WY86QYTGHL;
				INFOPLIST_FILE = DatXanhManagement/Info.plist;
				IPHONEOS_DEPLOYMENT_TARGET = 11.0;
				LD_RUNPATH_SEARCH_PATHS = (
					"$(inherited)",
					"@executable_path/Frameworks",
				);
				PRODUCT_BUNDLE_IDENTIFIER = com.tdtInc.DatXanhManagement;
				PRODUCT_NAME = "$(TARGET_NAME)";
				SWIFT_VERSION = 4.2;
				TARGETED_DEVICE_FAMILY = "1,2";
			};
			name = Debug;
		};
		804F4FD722DB67190083044C /* Release */ = {
			isa = XCBuildConfiguration;
			buildSettings = {
				ASSETCATALOG_COMPILER_APPICON_NAME = AppIcon;
				CODE_SIGN_STYLE = Automatic;
				DEVELOPMENT_TEAM = WY86QYTGHL;
				INFOPLIST_FILE = DatXanhManagement/Info.plist;
				IPHONEOS_DEPLOYMENT_TARGET = 11.0;
				LD_RUNPATH_SEARCH_PATHS = (
					"$(inherited)",
					"@executable_path/Frameworks",
				);
				PRODUCT_BUNDLE_IDENTIFIER = com.tdtInc.DatXanhManagement;
				PRODUCT_NAME = "$(TARGET_NAME)";
				SWIFT_VERSION = 4.2;
				TARGETED_DEVICE_FAMILY = "1,2";
			};
			name = Release;
		};
/* End XCBuildConfiguration section */

/* Begin XCConfigurationList section */
		804F4FBE22DB67180083044C /* Build configuration list for PBXProject "DatXanhManagement" */ = {
			isa = XCConfigurationList;
			buildConfigurations = (
				804F4FD322DB67190083044C /* Debug */,
				804F4FD422DB67190083044C /* Release */,
			);
			defaultConfigurationIsVisible = 0;
			defaultConfigurationName = Release;
		};
		804F4FD522DB67190083044C /* Build configuration list for PBXNativeTarget "DatXanhManagement" */ = {
			isa = XCConfigurationList;
			buildConfigurations = (
				804F4FD622DB67190083044C /* Debug */,
				804F4FD722DB67190083044C /* Release */,
			);
			defaultConfigurationIsVisible = 0;
			defaultConfigurationName = Release;
		};
/* End XCConfigurationList section */
	};
	rootObject = 804F4FBB22DB67180083044C /* Project object */;
}
