// !$*UTF8*$!
{
	archiveVersion = 1;
	classes = {
	};
	objectVersion = 50;
	objects = {

/* Begin PBXBuildFile section */
		1A5798BFB4A50FCF43978660 /* libPods-OneSignalNotificationServiceExtension.a in Frameworks */ = {isa = PBXBuildFile; fileRef = 2A0AA3555554567AA7255B30 /* libPods-OneSignalNotificationServiceExtension.a */; };
		800EC67522F527ED00E1CBA9 /* NotificationService.swift in Sources */ = {isa = PBXBuildFile; fileRef = 800EC67422F527ED00E1CBA9 /* NotificationService.swift */; };
		800EC67922F527ED00E1CBA9 /* OneSignalNotificationServiceExtension.appex in Embed App Extensions */ = {isa = PBXBuildFile; fileRef = 800EC67222F527ED00E1CBA9 /* OneSignalNotificationServiceExtension.appex */; settings = {ATTRIBUTES = (RemoveHeadersOnCopy, ); }; };
		802870A123110B34000FD176 /* AddSeperateView.swift in Sources */ = {isa = PBXBuildFile; fileRef = 802870A023110B34000FD176 /* AddSeperateView.swift */; };
		802870A323110B43000FD176 /* AddSeperateView.xib in Resources */ = {isa = PBXBuildFile; fileRef = 802870A223110B43000FD176 /* AddSeperateView.xib */; };
		802870A62311267F000FD176 /* AddSeperateTVC.swift in Sources */ = {isa = PBXBuildFile; fileRef = 802870A42311267F000FD176 /* AddSeperateTVC.swift */; };
		802870A72311267F000FD176 /* AddSeperateTVC.xib in Resources */ = {isa = PBXBuildFile; fileRef = 802870A52311267F000FD176 /* AddSeperateTVC.xib */; };
		802DC7D22352105200169BB3 /* DesignableUI.swift in Sources */ = {isa = PBXBuildFile; fileRef = 802DC7D12352105200169BB3 /* DesignableUI.swift */; };
		8036D63622DCCAA40080775C /* Customer.swift in Sources */ = {isa = PBXBuildFile; fileRef = 8036D63522DCCAA40080775C /* Customer.swift */; };
		804F4FC722DB67180083044C /* AppDelegate.swift in Sources */ = {isa = PBXBuildFile; fileRef = 804F4FC622DB67180083044C /* AppDelegate.swift */; };
		804F4FC922DB67180083044C /* LoginVC.swift in Sources */ = {isa = PBXBuildFile; fileRef = 804F4FC822DB67180083044C /* LoginVC.swift */; };
		804F4FCC22DB67180083044C /* Main.storyboard in Resources */ = {isa = PBXBuildFile; fileRef = 804F4FCA22DB67180083044C /* Main.storyboard */; };
		804F4FCE22DB67190083044C /* Assets.xcassets in Resources */ = {isa = PBXBuildFile; fileRef = 804F4FCD22DB67190083044C /* Assets.xcassets */; };
		804F4FD122DB67190083044C /* LaunchScreen.storyboard in Resources */ = {isa = PBXBuildFile; fileRef = 804F4FCF22DB67190083044C /* LaunchScreen.storyboard */; };
		804F4FDC22DC33130083044C /* User.swift in Sources */ = {isa = PBXBuildFile; fileRef = 804F4FDB22DC33130083044C /* User.swift */; };
		804F4FDE22DC34E30083044C /* UrlAddresses.swift in Sources */ = {isa = PBXBuildFile; fileRef = 804F4FDD22DC34E30083044C /* UrlAddresses.swift */; };
		804F4FE222DC51700083044C /* UserVC.swift in Sources */ = {isa = PBXBuildFile; fileRef = 804F4FE122DC51700083044C /* UserVC.swift */; };
		804F4FE422DC5FF40083044C /* Project.swift in Sources */ = {isa = PBXBuildFile; fileRef = 804F4FE322DC5FF40083044C /* Project.swift */; };
		804F4FE622DCAB120083044C /* ProjectTVC.swift in Sources */ = {isa = PBXBuildFile; fileRef = 804F4FE522DCAB120083044C /* ProjectTVC.swift */; };
		804F4FE822DCACD80083044C /* Extension.swift in Sources */ = {isa = PBXBuildFile; fileRef = 804F4FE722DCACD80083044C /* Extension.swift */; };
		805209B022E849780085EA2D /* PublicConstraint.swift in Sources */ = {isa = PBXBuildFile; fileRef = 805209AF22E849780085EA2D /* PublicConstraint.swift */; };
		8075C45623612F0F00C115AF /* AdminVC.swift in Sources */ = {isa = PBXBuildFile; fileRef = 8075C45523612F0F00C115AF /* AdminVC.swift */; };
		8084E9792364224300A13BE8 /* ChangePasswordVC.swift in Sources */ = {isa = PBXBuildFile; fileRef = 8084E9782364224300A13BE8 /* ChangePasswordVC.swift */; };
		8097E728230D900C0014C211 /* UserMember.swift in Sources */ = {isa = PBXBuildFile; fileRef = 8097E727230D900C0014C211 /* UserMember.swift */; };
		80B9C2DB23620C8F009D0623 /* UserListTVC.swift in Sources */ = {isa = PBXBuildFile; fileRef = 80B9C2DA23620C8F009D0623 /* UserListTVC.swift */; };
		80C3413322DDA846001F77F5 /* CustomerListVC.swift in Sources */ = {isa = PBXBuildFile; fileRef = 80C3413222DDA846001F77F5 /* CustomerListVC.swift */; };
		80C3413522DDB700001F77F5 /* CustomerListTVC.swift in Sources */ = {isa = PBXBuildFile; fileRef = 80C3413422DDB700001F77F5 /* CustomerListTVC.swift */; };
		80C3413722DDC81C001F77F5 /* CustomerDetailTVC.swift in Sources */ = {isa = PBXBuildFile; fileRef = 80C3413622DDC81C001F77F5 /* CustomerDetailTVC.swift */; };
		80F78B1323252BA100240C86 /* OldSeperatedTVCell.swift in Sources */ = {isa = PBXBuildFile; fileRef = 80F78B1223252BA100240C86 /* OldSeperatedTVCell.swift */; };
		80F78B1523252BB600240C86 /* NewSeperateTVCell.swift in Sources */ = {isa = PBXBuildFile; fileRef = 80F78B1423252BB600240C86 /* NewSeperateTVCell.swift */; };
		80F78B1723253A9F00240C86 /* UserEmailSeperate.swift in Sources */ = {isa = PBXBuildFile; fileRef = 80F78B1623253A9F00240C86 /* UserEmailSeperate.swift */; };
		A201D99C230A663E001F2872 /* Services.swift in Sources */ = {isa = PBXBuildFile; fileRef = A201D99B230A663E001F2872 /* Services.swift */; };
		A24B8C1023026FC800252718 /* UserEmailDetail.swift in Sources */ = {isa = PBXBuildFile; fileRef = A24B8C0F23026FC800252718 /* UserEmailDetail.swift */; };
		A2CF02B3230E2AC9002CE7FD /* AddMemberView.swift in Sources */ = {isa = PBXBuildFile; fileRef = A2CF02B2230E2AC9002CE7FD /* AddMemberView.swift */; };
		A2CF02B5230E32D1002CE7FD /* AutoLayout.swift in Sources */ = {isa = PBXBuildFile; fileRef = A2CF02B4230E32D1002CE7FD /* AutoLayout.swift */; };
		A2CF02B7230E3496002CE7FD /* AddMemberView.xib in Resources */ = {isa = PBXBuildFile; fileRef = A2CF02B6230E3496002CE7FD /* AddMemberView.xib */; };
		A2CF02BA230E3912002CE7FD /* AddMemberTVC.swift in Sources */ = {isa = PBXBuildFile; fileRef = A2CF02B8230E3912002CE7FD /* AddMemberTVC.swift */; };
		A2CF02BB230E3912002CE7FD /* AddMemberTVC.xib in Resources */ = {isa = PBXBuildFile; fileRef = A2CF02B9230E3912002CE7FD /* AddMemberTVC.xib */; };
		A2D1DF09230F7CEA00735E13 /* SeperateVC.swift in Sources */ = {isa = PBXBuildFile; fileRef = A2D1DF08230F7CEA00735E13 /* SeperateVC.swift */; };
		A2DF72AE230269C400FA24FB /* TeamSettingTVController.swift in Sources */ = {isa = PBXBuildFile; fileRef = A2DF72AD230269C400FA24FB /* TeamSettingTVController.swift */; };
		A2DF72B223026A6B00FA24FB /* TeamSettingTVC.swift in Sources */ = {isa = PBXBuildFile; fileRef = A2DF72B123026A6B00FA24FB /* TeamSettingTVC.swift */; };
		A2E770D9230A4FE5000CF05C /* TeamTBC.swift in Sources */ = {isa = PBXBuildFile; fileRef = A2E770D8230A4FE5000CF05C /* TeamTBC.swift */; };
		A2E770DB230A53A5000CF05C /* TeamMemberTVController.swift in Sources */ = {isa = PBXBuildFile; fileRef = A2E770DA230A53A5000CF05C /* TeamMemberTVController.swift */; };
		A2E770DD230A53C8000CF05C /* TeamMembersTVC.swift in Sources */ = {isa = PBXBuildFile; fileRef = A2E770DC230A53C8000CF05C /* TeamMembersTVC.swift */; };
		B43FED3201598B83C189D411 /* libPods-DatXanhManagement.a in Frameworks */ = {isa = PBXBuildFile; fileRef = 2D4344484585C3CC265C1777 /* libPods-DatXanhManagement.a */; };
/* End PBXBuildFile section */

/* Begin PBXContainerItemProxy section */
		800EC67722F527ED00E1CBA9 /* PBXContainerItemProxy */ = {
			isa = PBXContainerItemProxy;
			containerPortal = 804F4FBB22DB67180083044C /* Project object */;
			proxyType = 1;
			remoteGlobalIDString = 800EC67122F527ED00E1CBA9;
			remoteInfo = OneSignalNotificationServiceExtension;
		};
/* End PBXContainerItemProxy section */

/* Begin PBXCopyFilesBuildPhase section */
		800EC67D22F527ED00E1CBA9 /* Embed App Extensions */ = {
			isa = PBXCopyFilesBuildPhase;
			buildActionMask = 2147483647;
			dstPath = "";
			dstSubfolderSpec = 13;
			files = (
				800EC67922F527ED00E1CBA9 /* OneSignalNotificationServiceExtension.appex in Embed App Extensions */,
			);
			name = "Embed App Extensions";
			runOnlyForDeploymentPostprocessing = 0;
		};
/* End PBXCopyFilesBuildPhase section */

/* Begin PBXFileReference section */
		2A0AA3555554567AA7255B30 /* libPods-OneSignalNotificationServiceExtension.a */ = {isa = PBXFileReference; explicitFileType = archive.ar; includeInIndex = 0; path = "libPods-OneSignalNotificationServiceExtension.a"; sourceTree = BUILT_PRODUCTS_DIR; };
		2D4344484585C3CC265C1777 /* libPods-DatXanhManagement.a */ = {isa = PBXFileReference; explicitFileType = archive.ar; includeInIndex = 0; path = "libPods-DatXanhManagement.a"; sourceTree = BUILT_PRODUCTS_DIR; };
		62DBA0474F500344B9ACAFF1 /* Pods-OneSignalNotificationServiceExtension.debug.xcconfig */ = {isa = PBXFileReference; includeInIndex = 1; lastKnownFileType = text.xcconfig; name = "Pods-OneSignalNotificationServiceExtension.debug.xcconfig"; path = "Target Support Files/Pods-OneSignalNotificationServiceExtension/Pods-OneSignalNotificationServiceExtension.debug.xcconfig"; sourceTree = "<group>"; };
		800EC67222F527ED00E1CBA9 /* OneSignalNotificationServiceExtension.appex */ = {isa = PBXFileReference; explicitFileType = "wrapper.app-extension"; includeInIndex = 0; path = OneSignalNotificationServiceExtension.appex; sourceTree = BUILT_PRODUCTS_DIR; };
		800EC67422F527ED00E1CBA9 /* NotificationService.swift */ = {isa = PBXFileReference; lastKnownFileType = sourcecode.swift; path = NotificationService.swift; sourceTree = "<group>"; };
		800EC67622F527ED00E1CBA9 /* Info.plist */ = {isa = PBXFileReference; lastKnownFileType = text.plist.xml; path = Info.plist; sourceTree = "<group>"; };
		802870A023110B34000FD176 /* AddSeperateView.swift */ = {isa = PBXFileReference; lastKnownFileType = sourcecode.swift; path = AddSeperateView.swift; sourceTree = "<group>"; };
		802870A223110B43000FD176 /* AddSeperateView.xib */ = {isa = PBXFileReference; lastKnownFileType = file.xib; path = AddSeperateView.xib; sourceTree = "<group>"; };
		802870A42311267F000FD176 /* AddSeperateTVC.swift */ = {isa = PBXFileReference; lastKnownFileType = sourcecode.swift; path = AddSeperateTVC.swift; sourceTree = "<group>"; };
		802870A52311267F000FD176 /* AddSeperateTVC.xib */ = {isa = PBXFileReference; lastKnownFileType = file.xib; path = AddSeperateTVC.xib; sourceTree = "<group>"; };
		802DC7D12352105200169BB3 /* DesignableUI.swift */ = {isa = PBXFileReference; lastKnownFileType = sourcecode.swift; path = DesignableUI.swift; sourceTree = "<group>"; };
		8036D63522DCCAA40080775C /* Customer.swift */ = {isa = PBXFileReference; lastKnownFileType = sourcecode.swift; path = Customer.swift; sourceTree = "<group>"; };
		804F4FC322DB67180083044C /* DatXanhManagement.app */ = {isa = PBXFileReference; explicitFileType = wrapper.application; includeInIndex = 0; path = DatXanhManagement.app; sourceTree = BUILT_PRODUCTS_DIR; };
		804F4FC622DB67180083044C /* AppDelegate.swift */ = {isa = PBXFileReference; lastKnownFileType = sourcecode.swift; path = AppDelegate.swift; sourceTree = "<group>"; };
		804F4FC822DB67180083044C /* LoginVC.swift */ = {isa = PBXFileReference; lastKnownFileType = sourcecode.swift; path = LoginVC.swift; sourceTree = "<group>"; };
		804F4FCB22DB67180083044C /* Base */ = {isa = PBXFileReference; lastKnownFileType = file.storyboard; name = Base; path = Base.lproj/Main.storyboard; sourceTree = "<group>"; };
		804F4FCD22DB67190083044C /* Assets.xcassets */ = {isa = PBXFileReference; lastKnownFileType = folder.assetcatalog; path = Assets.xcassets; sourceTree = "<group>"; };
		804F4FD022DB67190083044C /* Base */ = {isa = PBXFileReference; lastKnownFileType = file.storyboard; name = Base; path = Base.lproj/LaunchScreen.storyboard; sourceTree = "<group>"; };
		804F4FD222DB67190083044C /* Info.plist */ = {isa = PBXFileReference; lastKnownFileType = text.plist.xml; path = Info.plist; sourceTree = "<group>"; };
		804F4FDB22DC33130083044C /* User.swift */ = {isa = PBXFileReference; lastKnownFileType = sourcecode.swift; path = User.swift; sourceTree = "<group>"; };
		804F4FDD22DC34E30083044C /* UrlAddresses.swift */ = {isa = PBXFileReference; lastKnownFileType = sourcecode.swift; path = UrlAddresses.swift; sourceTree = "<group>"; };
		804F4FE122DC51700083044C /* UserVC.swift */ = {isa = PBXFileReference; lastKnownFileType = sourcecode.swift; path = UserVC.swift; sourceTree = "<group>"; };
		804F4FE322DC5FF40083044C /* Project.swift */ = {isa = PBXFileReference; lastKnownFileType = sourcecode.swift; path = Project.swift; sourceTree = "<group>"; };
		804F4FE522DCAB120083044C /* ProjectTVC.swift */ = {isa = PBXFileReference; lastKnownFileType = sourcecode.swift; path = ProjectTVC.swift; sourceTree = "<group>"; };
		804F4FE722DCACD80083044C /* Extension.swift */ = {isa = PBXFileReference; lastKnownFileType = sourcecode.swift; path = Extension.swift; sourceTree = "<group>"; };
		805209AF22E849780085EA2D /* PublicConstraint.swift */ = {isa = PBXFileReference; lastKnownFileType = sourcecode.swift; path = PublicConstraint.swift; sourceTree = "<group>"; };
		8075C45523612F0F00C115AF /* AdminVC.swift */ = {isa = PBXFileReference; fileEncoding = 4; lastKnownFileType = sourcecode.swift; path = AdminVC.swift; sourceTree = "<group>"; };
		8084E9782364224300A13BE8 /* ChangePasswordVC.swift */ = {isa = PBXFileReference; lastKnownFileType = sourcecode.swift; path = ChangePasswordVC.swift; sourceTree = "<group>"; };
		8086BDE522F52C2A00E94F08 /* DatXanhManagement.entitlements */ = {isa = PBXFileReference; lastKnownFileType = text.plist.entitlements; path = DatXanhManagement.entitlements; sourceTree = "<group>"; };
		8086BDE622F52D2F00E94F08 /* OneSignalNotificationServiceExtension.entitlements */ = {isa = PBXFileReference; lastKnownFileType = text.plist.entitlements; path = OneSignalNotificationServiceExtension.entitlements; sourceTree = "<group>"; };
		8097E727230D900C0014C211 /* UserMember.swift */ = {isa = PBXFileReference; lastKnownFileType = sourcecode.swift; path = UserMember.swift; sourceTree = "<group>"; };
		80B9C2DA23620C8F009D0623 /* UserListTVC.swift */ = {isa = PBXFileReference; lastKnownFileType = sourcecode.swift; path = UserListTVC.swift; sourceTree = "<group>"; };
		80C3413222DDA846001F77F5 /* CustomerListVC.swift */ = {isa = PBXFileReference; lastKnownFileType = sourcecode.swift; path = CustomerListVC.swift; sourceTree = "<group>"; };
		80C3413422DDB700001F77F5 /* CustomerListTVC.swift */ = {isa = PBXFileReference; lastKnownFileType = sourcecode.swift; path = CustomerListTVC.swift; sourceTree = "<group>"; };
		80C3413622DDC81C001F77F5 /* CustomerDetailTVC.swift */ = {isa = PBXFileReference; lastKnownFileType = sourcecode.swift; path = CustomerDetailTVC.swift; sourceTree = "<group>"; };
		80F78B1223252BA100240C86 /* OldSeperatedTVCell.swift */ = {isa = PBXFileReference; lastKnownFileType = sourcecode.swift; path = OldSeperatedTVCell.swift; sourceTree = "<group>"; };
		80F78B1423252BB600240C86 /* NewSeperateTVCell.swift */ = {isa = PBXFileReference; lastKnownFileType = sourcecode.swift; path = NewSeperateTVCell.swift; sourceTree = "<group>"; };
		80F78B1623253A9F00240C86 /* UserEmailSeperate.swift */ = {isa = PBXFileReference; lastKnownFileType = sourcecode.swift; path = UserEmailSeperate.swift; sourceTree = "<group>"; };
		91C853375A42ECEE37ACED1D /* Pods-OneSignalNotificationServiceExtension.release.xcconfig */ = {isa = PBXFileReference; includeInIndex = 1; lastKnownFileType = text.xcconfig; name = "Pods-OneSignalNotificationServiceExtension.release.xcconfig"; path = "Target Support Files/Pods-OneSignalNotificationServiceExtension/Pods-OneSignalNotificationServiceExtension.release.xcconfig"; sourceTree = "<group>"; };
		A201D99B230A663E001F2872 /* Services.swift */ = {isa = PBXFileReference; lastKnownFileType = sourcecode.swift; path = Services.swift; sourceTree = "<group>"; };
		A24B8C0F23026FC800252718 /* UserEmailDetail.swift */ = {isa = PBXFileReference; lastKnownFileType = sourcecode.swift; path = UserEmailDetail.swift; sourceTree = "<group>"; };
		A2CF02B2230E2AC9002CE7FD /* AddMemberView.swift */ = {isa = PBXFileReference; lastKnownFileType = sourcecode.swift; path = AddMemberView.swift; sourceTree = "<group>"; };
		A2CF02B4230E32D1002CE7FD /* AutoLayout.swift */ = {isa = PBXFileReference; lastKnownFileType = sourcecode.swift; path = AutoLayout.swift; sourceTree = "<group>"; };
		A2CF02B6230E3496002CE7FD /* AddMemberView.xib */ = {isa = PBXFileReference; lastKnownFileType = file.xib; path = AddMemberView.xib; sourceTree = "<group>"; };
		A2CF02B8230E3912002CE7FD /* AddMemberTVC.swift */ = {isa = PBXFileReference; lastKnownFileType = sourcecode.swift; path = AddMemberTVC.swift; sourceTree = "<group>"; };
		A2CF02B9230E3912002CE7FD /* AddMemberTVC.xib */ = {isa = PBXFileReference; lastKnownFileType = file.xib; path = AddMemberTVC.xib; sourceTree = "<group>"; };
		A2D1DF08230F7CEA00735E13 /* SeperateVC.swift */ = {isa = PBXFileReference; lastKnownFileType = sourcecode.swift; path = SeperateVC.swift; sourceTree = "<group>"; };
		A2DF72AD230269C400FA24FB /* TeamSettingTVController.swift */ = {isa = PBXFileReference; fileEncoding = 4; lastKnownFileType = sourcecode.swift; path = TeamSettingTVController.swift; sourceTree = "<group>"; };
		A2DF72B123026A6B00FA24FB /* TeamSettingTVC.swift */ = {isa = PBXFileReference; fileEncoding = 4; lastKnownFileType = sourcecode.swift; path = TeamSettingTVC.swift; sourceTree = "<group>"; };
		A2E770D8230A4FE5000CF05C /* TeamTBC.swift */ = {isa = PBXFileReference; lastKnownFileType = sourcecode.swift; path = TeamTBC.swift; sourceTree = "<group>"; };
		A2E770DA230A53A5000CF05C /* TeamMemberTVController.swift */ = {isa = PBXFileReference; lastKnownFileType = sourcecode.swift; path = TeamMemberTVController.swift; sourceTree = "<group>"; };
		A2E770DC230A53C8000CF05C /* TeamMembersTVC.swift */ = {isa = PBXFileReference; lastKnownFileType = sourcecode.swift; path = TeamMembersTVC.swift; sourceTree = "<group>"; };
		C6F8943D25EB14039DFEF298 /* Pods-DatXanhManagement.debug.xcconfig */ = {isa = PBXFileReference; includeInIndex = 1; lastKnownFileType = text.xcconfig; name = "Pods-DatXanhManagement.debug.xcconfig"; path = "Target Support Files/Pods-DatXanhManagement/Pods-DatXanhManagement.debug.xcconfig"; sourceTree = "<group>"; };
		E8E4AECCFA8F47DDDAD807B6 /* Pods-DatXanhManagement.release.xcconfig */ = {isa = PBXFileReference; includeInIndex = 1; lastKnownFileType = text.xcconfig; name = "Pods-DatXanhManagement.release.xcconfig"; path = "Target Support Files/Pods-DatXanhManagement/Pods-DatXanhManagement.release.xcconfig"; sourceTree = "<group>"; };
/* End PBXFileReference section */

/* Begin PBXFrameworksBuildPhase section */
		800EC66F22F527ED00E1CBA9 /* Frameworks */ = {
			isa = PBXFrameworksBuildPhase;
			buildActionMask = 2147483647;
			files = (
				1A5798BFB4A50FCF43978660 /* libPods-OneSignalNotificationServiceExtension.a in Frameworks */,
			);
			runOnlyForDeploymentPostprocessing = 0;
		};
		804F4FC022DB67180083044C /* Frameworks */ = {
			isa = PBXFrameworksBuildPhase;
			buildActionMask = 2147483647;
			files = (
				B43FED3201598B83C189D411 /* libPods-DatXanhManagement.a in Frameworks */,
			);
			runOnlyForDeploymentPostprocessing = 0;
		};
/* End PBXFrameworksBuildPhase section */

/* Begin PBXGroup section */
		475D433AAF2701958F4593ED /* Pods */ = {
			isa = PBXGroup;
			children = (
				C6F8943D25EB14039DFEF298 /* Pods-DatXanhManagement.debug.xcconfig */,
				E8E4AECCFA8F47DDDAD807B6 /* Pods-DatXanhManagement.release.xcconfig */,
				62DBA0474F500344B9ACAFF1 /* Pods-OneSignalNotificationServiceExtension.debug.xcconfig */,
				91C853375A42ECEE37ACED1D /* Pods-OneSignalNotificationServiceExtension.release.xcconfig */,
			);
			path = Pods;
			sourceTree = "<group>";
		};
		800EC67322F527ED00E1CBA9 /* OneSignalNotificationServiceExtension */ = {
			isa = PBXGroup;
			children = (
				8086BDE622F52D2F00E94F08 /* OneSignalNotificationServiceExtension.entitlements */,
				800EC67422F527ED00E1CBA9 /* NotificationService.swift */,
				800EC67622F527ED00E1CBA9 /* Info.plist */,
			);
			path = OneSignalNotificationServiceExtension;
			sourceTree = "<group>";
		};
		8028709F23110B10000FD176 /* AddSeperateView */ = {
			isa = PBXGroup;
			children = (
				802870A023110B34000FD176 /* AddSeperateView.swift */,
				802870A223110B43000FD176 /* AddSeperateView.xib */,
				802870A42311267F000FD176 /* AddSeperateTVC.swift */,
				802870A52311267F000FD176 /* AddSeperateTVC.xib */,
			);
			path = AddSeperateView;
			sourceTree = "<group>";
		};
		804F4FBA22DB67180083044C = {
			isa = PBXGroup;
			children = (
				804F4FC522DB67180083044C /* DatXanhManagement */,
				800EC67322F527ED00E1CBA9 /* OneSignalNotificationServiceExtension */,
				804F4FC422DB67180083044C /* Products */,
				475D433AAF2701958F4593ED /* Pods */,
				DFBB202D593A5ED85464FBE5 /* Frameworks */,
			);
			sourceTree = "<group>";
		};
		804F4FC422DB67180083044C /* Products */ = {
			isa = PBXGroup;
			children = (
				804F4FC322DB67180083044C /* DatXanhManagement.app */,
				800EC67222F527ED00E1CBA9 /* OneSignalNotificationServiceExtension.appex */,
			);
			name = Products;
			sourceTree = "<group>";
		};
		804F4FC522DB67180083044C /* DatXanhManagement */ = {
			isa = PBXGroup;
			children = (
				8086BDE522F52C2A00E94F08 /* DatXanhManagement.entitlements */,
				804F4FDA22DC32C90083044C /* Controller */,
				804F4FD922DC32C50083044C /* View */,
				804F4FD822DC32B60083044C /* Model */,
				804F4FCA22DB67180083044C /* Main.storyboard */,
				804F4FCD22DB67190083044C /* Assets.xcassets */,
				804F4FCF22DB67190083044C /* LaunchScreen.storyboard */,
				804F4FD222DB67190083044C /* Info.plist */,
				804F4FC622DB67180083044C /* AppDelegate.swift */,
				804F4FDD22DC34E30083044C /* UrlAddresses.swift */,
				804F4FE722DCACD80083044C /* Extension.swift */,
				805209AF22E849780085EA2D /* PublicConstraint.swift */,
				A201D99B230A663E001F2872 /* Services.swift */,
				A2CF02B4230E32D1002CE7FD /* AutoLayout.swift */,
			);
			path = DatXanhManagement;
			sourceTree = "<group>";
		};
		804F4FD822DC32B60083044C /* Model */ = {
			isa = PBXGroup;
			children = (
				804F4FE322DC5FF40083044C /* Project.swift */,
				8036D63522DCCAA40080775C /* Customer.swift */,
				804F4FDB22DC33130083044C /* User.swift */,
				A24B8C0F23026FC800252718 /* UserEmailDetail.swift */,
				8097E727230D900C0014C211 /* UserMember.swift */,
				80F78B1623253A9F00240C86 /* UserEmailSeperate.swift */,
			);
			path = Model;
			sourceTree = "<group>";
		};
		804F4FD922DC32C50083044C /* View */ = {
			isa = PBXGroup;
			children = (
				804F4FE522DCAB120083044C /* ProjectTVC.swift */,
				80C3413422DDB700001F77F5 /* CustomerListTVC.swift */,
				80C3413622DDC81C001F77F5 /* CustomerDetailTVC.swift */,
				A2DF72B123026A6B00FA24FB /* TeamSettingTVC.swift */,
				A2E770DC230A53C8000CF05C /* TeamMembersTVC.swift */,
				A2CF02BC230E461C002CE7FD /* AddMemberView */,
				8028709F23110B10000FD176 /* AddSeperateView */,
				80F78B1223252BA100240C86 /* OldSeperatedTVCell.swift */,
				80F78B1423252BB600240C86 /* NewSeperateTVCell.swift */,
				802DC7D12352105200169BB3 /* DesignableUI.swift */,
			);
			path = View;
			sourceTree = "<group>";
		};
		804F4FDA22DC32C90083044C /* Controller */ = {
			isa = PBXGroup;
			children = (
				8075C45523612F0F00C115AF /* AdminVC.swift */,
				804F4FC822DB67180083044C /* LoginVC.swift */,
				804F4FE122DC51700083044C /* UserVC.swift */,
				80C3413222DDA846001F77F5 /* CustomerListVC.swift */,
				A2E770D8230A4FE5000CF05C /* TeamTBC.swift */,
				A2E770DA230A53A5000CF05C /* TeamMemberTVController.swift */,
				A2DF72AD230269C400FA24FB /* TeamSettingTVController.swift */,
				A2D1DF08230F7CEA00735E13 /* SeperateVC.swift */,
				80B9C2DA23620C8F009D0623 /* UserListTVC.swift */,
				8084E9782364224300A13BE8 /* ChangePasswordVC.swift */,
			);
			path = Controller;
			sourceTree = "<group>";
		};
		A2CF02BC230E461C002CE7FD /* AddMemberView */ = {
			isa = PBXGroup;
			children = (
				A2CF02B2230E2AC9002CE7FD /* AddMemberView.swift */,
				A2CF02B6230E3496002CE7FD /* AddMemberView.xib */,
				A2CF02B8230E3912002CE7FD /* AddMemberTVC.swift */,
				A2CF02B9230E3912002CE7FD /* AddMemberTVC.xib */,
			);
			path = AddMemberView;
			sourceTree = "<group>";
		};
		DFBB202D593A5ED85464FBE5 /* Frameworks */ = {
			isa = PBXGroup;
			children = (
				2D4344484585C3CC265C1777 /* libPods-DatXanhManagement.a */,
				2A0AA3555554567AA7255B30 /* libPods-OneSignalNotificationServiceExtension.a */,
			);
			name = Frameworks;
			sourceTree = "<group>";
		};
/* End PBXGroup section */

/* Begin PBXNativeTarget section */
		800EC67122F527ED00E1CBA9 /* OneSignalNotificationServiceExtension */ = {
			isa = PBXNativeTarget;
			buildConfigurationList = 800EC67C22F527ED00E1CBA9 /* Build configuration list for PBXNativeTarget "OneSignalNotificationServiceExtension" */;
			buildPhases = (
				E8ADCB298020AF2D27472162 /* [CP] Check Pods Manifest.lock */,
				800EC66E22F527ED00E1CBA9 /* Sources */,
				800EC66F22F527ED00E1CBA9 /* Frameworks */,
				800EC67022F527ED00E1CBA9 /* Resources */,
			);
			buildRules = (
			);
			dependencies = (
			);
			name = OneSignalNotificationServiceExtension;
			productName = OneSignalNotificationServiceExtension;
			productReference = 800EC67222F527ED00E1CBA9 /* OneSignalNotificationServiceExtension.appex */;
			productType = "com.apple.product-type.app-extension";
		};
		804F4FC222DB67180083044C /* DatXanhManagement */ = {
			isa = PBXNativeTarget;
			buildConfigurationList = 804F4FD522DB67190083044C /* Build configuration list for PBXNativeTarget "DatXanhManagement" */;
			buildPhases = (
				BCD8720C69C6F27FFD65EF48 /* [CP] Check Pods Manifest.lock */,
				804F4FBF22DB67180083044C /* Sources */,
				804F4FC022DB67180083044C /* Frameworks */,
				804F4FC122DB67180083044C /* Resources */,
				800EC67D22F527ED00E1CBA9 /* Embed App Extensions */,
			);
			buildRules = (
			);
			dependencies = (
				800EC67822F527ED00E1CBA9 /* PBXTargetDependency */,
			);
			name = DatXanhManagement;
			productName = DatXanhManagement;
			productReference = 804F4FC322DB67180083044C /* DatXanhManagement.app */;
			productType = "com.apple.product-type.application";
		};
/* End PBXNativeTarget section */

/* Begin PBXProject section */
		804F4FBB22DB67180083044C /* Project object */ = {
			isa = PBXProject;
			attributes = {
				LastSwiftUpdateCheck = 1010;
				LastUpgradeCheck = 1010;
				ORGANIZATIONNAME = "Trong Tran";
				TargetAttributes = {
					800EC67122F527ED00E1CBA9 = {
						CreatedOnToolsVersion = 10.1;
						SystemCapabilities = {
							com.apple.ApplicationGroups.iOS = {
								enabled = 1;
							};
						};
					};
					804F4FC222DB67180083044C = {
						CreatedOnToolsVersion = 10.1;
						SystemCapabilities = {
							com.apple.BackgroundModes = {
								enabled = 1;
							};
							com.apple.Push = {
								enabled = 1;
							};
						};
					};
				};
			};
			buildConfigurationList = 804F4FBE22DB67180083044C /* Build configuration list for PBXProject "DatXanhManagement" */;
			compatibilityVersion = "Xcode 9.3";
			developmentRegion = en;
			hasScannedForEncodings = 0;
			knownRegions = (
				en,
				Base,
			);
			mainGroup = 804F4FBA22DB67180083044C;
			productRefGroup = 804F4FC422DB67180083044C /* Products */;
			projectDirPath = "";
			projectRoot = "";
			targets = (
				804F4FC222DB67180083044C /* DatXanhManagement */,
				800EC67122F527ED00E1CBA9 /* OneSignalNotificationServiceExtension */,
			);
		};
/* End PBXProject section */

/* Begin PBXResourcesBuildPhase section */
		800EC67022F527ED00E1CBA9 /* Resources */ = {
			isa = PBXResourcesBuildPhase;
			buildActionMask = 2147483647;
			files = (
			);
			runOnlyForDeploymentPostprocessing = 0;
		};
		804F4FC122DB67180083044C /* Resources */ = {
			isa = PBXResourcesBuildPhase;
			buildActionMask = 2147483647;
			files = (
				804F4FD122DB67190083044C /* LaunchScreen.storyboard in Resources */,
				802870A72311267F000FD176 /* AddSeperateTVC.xib in Resources */,
				802870A323110B43000FD176 /* AddSeperateView.xib in Resources */,
				A2CF02BB230E3912002CE7FD /* AddMemberTVC.xib in Resources */,
				804F4FCE22DB67190083044C /* Assets.xcassets in Resources */,
				A2CF02B7230E3496002CE7FD /* AddMemberView.xib in Resources */,
				804F4FCC22DB67180083044C /* Main.storyboard in Resources */,
			);
			runOnlyForDeploymentPostprocessing = 0;
		};
/* End PBXResourcesBuildPhase section */

/* Begin PBXShellScriptBuildPhase section */
		BCD8720C69C6F27FFD65EF48 /* [CP] Check Pods Manifest.lock */ = {
			isa = PBXShellScriptBuildPhase;
			buildActionMask = 2147483647;
			files = (
			);
			inputFileListPaths = (
			);
			inputPaths = (
				"${PODS_PODFILE_DIR_PATH}/Podfile.lock",
				"${PODS_ROOT}/Manifest.lock",
			);
			name = "[CP] Check Pods Manifest.lock";
			outputFileListPaths = (
			);
			outputPaths = (
				"$(DERIVED_FILE_DIR)/Pods-DatXanhManagement-checkManifestLockResult.txt",
			);
			runOnlyForDeploymentPostprocessing = 0;
			shellPath = /bin/sh;
			shellScript = "diff \"${PODS_PODFILE_DIR_PATH}/Podfile.lock\" \"${PODS_ROOT}/Manifest.lock\" > /dev/null\nif [ $? != 0 ] ; then\n    # print error to STDERR\n    echo \"error: The sandbox is not in sync with the Podfile.lock. Run 'pod install' or update your CocoaPods installation.\" >&2\n    exit 1\nfi\n# This output is used by Xcode 'outputs' to avoid re-running this script phase.\necho \"SUCCESS\" > \"${SCRIPT_OUTPUT_FILE_0}\"\n";
			showEnvVarsInLog = 0;
		};
		E8ADCB298020AF2D27472162 /* [CP] Check Pods Manifest.lock */ = {
			isa = PBXShellScriptBuildPhase;
			buildActionMask = 2147483647;
			files = (
			);
			inputFileListPaths = (
			);
			inputPaths = (
				"${PODS_PODFILE_DIR_PATH}/Podfile.lock",
				"${PODS_ROOT}/Manifest.lock",
			);
			name = "[CP] Check Pods Manifest.lock";
			outputFileListPaths = (
			);
			outputPaths = (
				"$(DERIVED_FILE_DIR)/Pods-OneSignalNotificationServiceExtension-checkManifestLockResult.txt",
			);
			runOnlyForDeploymentPostprocessing = 0;
			shellPath = /bin/sh;
			shellScript = "diff \"${PODS_PODFILE_DIR_PATH}/Podfile.lock\" \"${PODS_ROOT}/Manifest.lock\" > /dev/null\nif [ $? != 0 ] ; then\n    # print error to STDERR\n    echo \"error: The sandbox is not in sync with the Podfile.lock. Run 'pod install' or update your CocoaPods installation.\" >&2\n    exit 1\nfi\n# This output is used by Xcode 'outputs' to avoid re-running this script phase.\necho \"SUCCESS\" > \"${SCRIPT_OUTPUT_FILE_0}\"\n";
			showEnvVarsInLog = 0;
		};
/* End PBXShellScriptBuildPhase section */

/* Begin PBXSourcesBuildPhase section */
		800EC66E22F527ED00E1CBA9 /* Sources */ = {
			isa = PBXSourcesBuildPhase;
			buildActionMask = 2147483647;
			files = (
				800EC67522F527ED00E1CBA9 /* NotificationService.swift in Sources */,
			);
			runOnlyForDeploymentPostprocessing = 0;
		};
		804F4FBF22DB67180083044C /* Sources */ = {
			isa = PBXSourcesBuildPhase;
			buildActionMask = 2147483647;
			files = (
				80C3413722DDC81C001F77F5 /* CustomerDetailTVC.swift in Sources */,
				802DC7D22352105200169BB3 /* DesignableUI.swift in Sources */,
				80C3413322DDA846001F77F5 /* CustomerListVC.swift in Sources */,
				80C3413522DDB700001F77F5 /* CustomerListTVC.swift in Sources */,
				A201D99C230A663E001F2872 /* Services.swift in Sources */,
				804F4FC922DB67180083044C /* LoginVC.swift in Sources */,
				804F4FE222DC51700083044C /* UserVC.swift in Sources */,
				A2E770DB230A53A5000CF05C /* TeamMemberTVController.swift in Sources */,
				802870A62311267F000FD176 /* AddSeperateTVC.swift in Sources */,
				A2CF02BA230E3912002CE7FD /* AddMemberTVC.swift in Sources */,
				8075C45623612F0F00C115AF /* AdminVC.swift in Sources */,
				A2DF72AE230269C400FA24FB /* TeamSettingTVController.swift in Sources */,
				A2DF72B223026A6B00FA24FB /* TeamSettingTVC.swift in Sources */,
				804F4FC722DB67180083044C /* AppDelegate.swift in Sources */,
				804F4FDE22DC34E30083044C /* UrlAddresses.swift in Sources */,
				802870A123110B34000FD176 /* AddSeperateView.swift in Sources */,
				A2E770D9230A4FE5000CF05C /* TeamTBC.swift in Sources */,
				A2CF02B5230E32D1002CE7FD /* AutoLayout.swift in Sources */,
				8097E728230D900C0014C211 /* UserMember.swift in Sources */,
				80F78B1723253A9F00240C86 /* UserEmailSeperate.swift in Sources */,
				804F4FE622DCAB120083044C /* ProjectTVC.swift in Sources */,
				8084E9792364224300A13BE8 /* ChangePasswordVC.swift in Sources */,
				A2D1DF09230F7CEA00735E13 /* SeperateVC.swift in Sources */,
				A24B8C1023026FC800252718 /* UserEmailDetail.swift in Sources */,
				80B9C2DB23620C8F009D0623 /* UserListTVC.swift in Sources */,
				804F4FDC22DC33130083044C /* User.swift in Sources */,
				8036D63622DCCAA40080775C /* Customer.swift in Sources */,
				A2CF02B3230E2AC9002CE7FD /* AddMemberView.swift in Sources */,
				80F78B1523252BB600240C86 /* NewSeperateTVCell.swift in Sources */,
				A2E770DD230A53C8000CF05C /* TeamMembersTVC.swift in Sources */,
				80F78B1323252BA100240C86 /* OldSeperatedTVCell.swift in Sources */,
				804F4FE422DC5FF40083044C /* Project.swift in Sources */,
				805209B022E849780085EA2D /* PublicConstraint.swift in Sources */,
				804F4FE822DCACD80083044C /* Extension.swift in Sources */,
			);
			runOnlyForDeploymentPostprocessing = 0;
		};
/* End PBXSourcesBuildPhase section */

/* Begin PBXTargetDependency section */
		800EC67822F527ED00E1CBA9 /* PBXTargetDependency */ = {
			isa = PBXTargetDependency;
			target = 800EC67122F527ED00E1CBA9 /* OneSignalNotificationServiceExtension */;
			targetProxy = 800EC67722F527ED00E1CBA9 /* PBXContainerItemProxy */;
		};
/* End PBXTargetDependency section */

/* Begin PBXVariantGroup section */
		804F4FCA22DB67180083044C /* Main.storyboard */ = {
			isa = PBXVariantGroup;
			children = (
				804F4FCB22DB67180083044C /* Base */,
			);
			name = Main.storyboard;
			sourceTree = "<group>";
		};
		804F4FCF22DB67190083044C /* LaunchScreen.storyboard */ = {
			isa = PBXVariantGroup;
			children = (
				804F4FD022DB67190083044C /* Base */,
			);
			name = LaunchScreen.storyboard;
			sourceTree = "<group>";
		};
/* End PBXVariantGroup section */

/* Begin XCBuildConfiguration section */
		800EC67A22F527ED00E1CBA9 /* Debug */ = {
			isa = XCBuildConfiguration;
			baseConfigurationReference = 62DBA0474F500344B9ACAFF1 /* Pods-OneSignalNotificationServiceExtension.debug.xcconfig */;
			buildSettings = {
				CODE_SIGN_ENTITLEMENTS = OneSignalNotificationServiceExtension/OneSignalNotificationServiceExtension.entitlements;
				CODE_SIGN_STYLE = Automatic;
				DEVELOPMENT_TEAM = WY86QYTGHL;
				INFOPLIST_FILE = OneSignalNotificationServiceExtension/Info.plist;
				IPHONEOS_DEPLOYMENT_TARGET = 11.2;
				LD_RUNPATH_SEARCH_PATHS = (
					"$(inherited)",
					"@executable_path/Frameworks",
					"@executable_path/../../Frameworks",
				);
				PRODUCT_BUNDLE_IDENTIFIER = com.tdtInc.DatXanhManagement.OneSignalNotificationServiceExtension;
				PRODUCT_NAME = "$(TARGET_NAME)";
				SKIP_INSTALL = YES;
				SWIFT_OBJC_BRIDGING_HEADER = "";
				SWIFT_VERSION = 4.2;
				TARGETED_DEVICE_FAMILY = "1,2";
			};
			name = Debug;
		};
		800EC67B22F527ED00E1CBA9 /* Release */ = {
			isa = XCBuildConfiguration;
			baseConfigurationReference = 91C853375A42ECEE37ACED1D /* Pods-OneSignalNotificationServiceExtension.release.xcconfig */;
			buildSettings = {
				CODE_SIGN_ENTITLEMENTS = OneSignalNotificationServiceExtension/OneSignalNotificationServiceExtension.entitlements;
				CODE_SIGN_STYLE = Automatic;
				DEVELOPMENT_TEAM = WY86QYTGHL;
				INFOPLIST_FILE = OneSignalNotificationServiceExtension/Info.plist;
				IPHONEOS_DEPLOYMENT_TARGET = 11.2;
				LD_RUNPATH_SEARCH_PATHS = (
					"$(inherited)",
					"@executable_path/Frameworks",
					"@executable_path/../../Frameworks",
				);
				PRODUCT_BUNDLE_IDENTIFIER = com.tdtInc.DatXanhManagement.OneSignalNotificationServiceExtension;
				PRODUCT_NAME = "$(TARGET_NAME)";
				SKIP_INSTALL = YES;
				SWIFT_OBJC_BRIDGING_HEADER = "";
				SWIFT_VERSION = 4.2;
				TARGETED_DEVICE_FAMILY = "1,2";
			};
			name = Release;
		};
		804F4FD322DB67190083044C /* Debug */ = {
			isa = XCBuildConfiguration;
			buildSettings = {
				ALWAYS_SEARCH_USER_PATHS = NO;
				CLANG_ANALYZER_NONNULL = YES;
				CLANG_ANALYZER_NUMBER_OBJECT_CONVERSION = YES_AGGRESSIVE;
				CLANG_CXX_LANGUAGE_STANDARD = "gnu++14";
				CLANG_CXX_LIBRARY = "libc++";
				CLANG_ENABLE_MODULES = YES;
				CLANG_ENABLE_OBJC_ARC = YES;
				CLANG_ENABLE_OBJC_WEAK = YES;
				CLANG_WARN_BLOCK_CAPTURE_AUTORELEASING = YES;
				CLANG_WARN_BOOL_CONVERSION = YES;
				CLANG_WARN_COMMA = YES;
				CLANG_WARN_CONSTANT_CONVERSION = YES;
				CLANG_WARN_DEPRECATED_OBJC_IMPLEMENTATIONS = YES;
				CLANG_WARN_DIRECT_OBJC_ISA_USAGE = YES_ERROR;
				CLANG_WARN_DOCUMENTATION_COMMENTS = YES;
				CLANG_WARN_EMPTY_BODY = YES;
				CLANG_WARN_ENUM_CONVERSION = YES;
				CLANG_WARN_INFINITE_RECURSION = YES;
				CLANG_WARN_INT_CONVERSION = YES;
				CLANG_WARN_NON_LITERAL_NULL_CONVERSION = YES;
				CLANG_WARN_OBJC_IMPLICIT_RETAIN_SELF = YES;
				CLANG_WARN_OBJC_LITERAL_CONVERSION = YES;
				CLANG_WARN_OBJC_ROOT_CLASS = YES_ERROR;
				CLANG_WARN_RANGE_LOOP_ANALYSIS = YES;
				CLANG_WARN_STRICT_PROTOTYPES = YES;
				CLANG_WARN_SUSPICIOUS_MOVE = YES;
				CLANG_WARN_UNGUARDED_AVAILABILITY = YES_AGGRESSIVE;
				CLANG_WARN_UNREACHABLE_CODE = YES;
				CLANG_WARN__DUPLICATE_METHOD_MATCH = YES;
				CODE_SIGN_IDENTITY = "iPhone Developer";
				COPY_PHASE_STRIP = NO;
				DEBUG_INFORMATION_FORMAT = dwarf;
				ENABLE_STRICT_OBJC_MSGSEND = YES;
				ENABLE_TESTABILITY = YES;
				GCC_C_LANGUAGE_STANDARD = gnu11;
				GCC_DYNAMIC_NO_PIC = NO;
				GCC_NO_COMMON_BLOCKS = YES;
				GCC_OPTIMIZATION_LEVEL = 0;
				GCC_PREPROCESSOR_DEFINITIONS = (
					"DEBUG=1",
					"$(inherited)",
				);
				GCC_WARN_64_TO_32_BIT_CONVERSION = YES;
				GCC_WARN_ABOUT_RETURN_TYPE = YES_ERROR;
				GCC_WARN_UNDECLARED_SELECTOR = YES;
				GCC_WARN_UNINITIALIZED_AUTOS = YES_AGGRESSIVE;
				GCC_WARN_UNUSED_FUNCTION = YES;
				GCC_WARN_UNUSED_VARIABLE = YES;
				IPHONEOS_DEPLOYMENT_TARGET = 10.0;
				MTL_ENABLE_DEBUG_INFO = INCLUDE_SOURCE;
				MTL_FAST_MATH = YES;
				ONLY_ACTIVE_ARCH = YES;
				SDKROOT = iphoneos;
				SWIFT_ACTIVE_COMPILATION_CONDITIONS = DEBUG;
				SWIFT_OBJC_BRIDGING_HEADER = "";
				SWIFT_OPTIMIZATION_LEVEL = "-Onone";
			};
			name = Debug;
		};
		804F4FD422DB67190083044C /* Release */ = {
			isa = XCBuildConfiguration;
			buildSettings = {
				ALWAYS_SEARCH_USER_PATHS = NO;
				CLANG_ANALYZER_NONNULL = YES;
				CLANG_ANALYZER_NUMBER_OBJECT_CONVERSION = YES_AGGRESSIVE;
				CLANG_CXX_LANGUAGE_STANDARD = "gnu++14";
				CLANG_CXX_LIBRARY = "libc++";
				CLANG_ENABLE_MODULES = YES;
				CLANG_ENABLE_OBJC_ARC = YES;
				CLANG_ENABLE_OBJC_WEAK = YES;
				CLANG_WARN_BLOCK_CAPTURE_AUTORELEASING = YES;
				CLANG_WARN_BOOL_CONVERSION = YES;
				CLANG_WARN_COMMA = YES;
				CLANG_WARN_CONSTANT_CONVERSION = YES;
				CLANG_WARN_DEPRECATED_OBJC_IMPLEMENTATIONS = YES;
				CLANG_WARN_DIRECT_OBJC_ISA_USAGE = YES_ERROR;
				CLANG_WARN_DOCUMENTATION_COMMENTS = YES;
				CLANG_WARN_EMPTY_BODY = YES;
				CLANG_WARN_ENUM_CONVERSION = YES;
				CLANG_WARN_INFINITE_RECURSION = YES;
				CLANG_WARN_INT_CONVERSION = YES;
				CLANG_WARN_NON_LITERAL_NULL_CONVERSION = YES;
				CLANG_WARN_OBJC_IMPLICIT_RETAIN_SELF = YES;
				CLANG_WARN_OBJC_LITERAL_CONVERSION = YES;
				CLANG_WARN_OBJC_ROOT_CLASS = YES_ERROR;
				CLANG_WARN_RANGE_LOOP_ANALYSIS = YES;
				CLANG_WARN_STRICT_PROTOTYPES = YES;
				CLANG_WARN_SUSPICIOUS_MOVE = YES;
				CLANG_WARN_UNGUARDED_AVAILABILITY = YES_AGGRESSIVE;
				CLANG_WARN_UNREACHABLE_CODE = YES;
				CLANG_WARN__DUPLICATE_METHOD_MATCH = YES;
				CODE_SIGN_IDENTITY = "iPhone Developer";
				COPY_PHASE_STRIP = NO;
				DEBUG_INFORMATION_FORMAT = "dwarf-with-dsym";
				ENABLE_NS_ASSERTIONS = NO;
				ENABLE_STRICT_OBJC_MSGSEND = YES;
				GCC_C_LANGUAGE_STANDARD = gnu11;
				GCC_NO_COMMON_BLOCKS = YES;
				GCC_WARN_64_TO_32_BIT_CONVERSION = YES;
				GCC_WARN_ABOUT_RETURN_TYPE = YES_ERROR;
				GCC_WARN_UNDECLARED_SELECTOR = YES;
				GCC_WARN_UNINITIALIZED_AUTOS = YES_AGGRESSIVE;
				GCC_WARN_UNUSED_FUNCTION = YES;
				GCC_WARN_UNUSED_VARIABLE = YES;
				IPHONEOS_DEPLOYMENT_TARGET = 10.0;
				MTL_ENABLE_DEBUG_INFO = NO;
				MTL_FAST_MATH = YES;
				SDKROOT = iphoneos;
				SWIFT_COMPILATION_MODE = wholemodule;
				SWIFT_OBJC_BRIDGING_HEADER = "";
				SWIFT_OPTIMIZATION_LEVEL = "-O";
				VALIDATE_PRODUCT = YES;
			};
			name = Release;
		};
		804F4FD622DB67190083044C /* Debug */ = {
			isa = XCBuildConfiguration;
			baseConfigurationReference = C6F8943D25EB14039DFEF298 /* Pods-DatXanhManagement.debug.xcconfig */;
			buildSettings = {
				ALWAYS_EMBED_SWIFT_STANDARD_LIBRARIES = YES;
				ASSETCATALOG_COMPILER_APPICON_NAME = AppIcon;
				CODE_SIGN_ENTITLEMENTS = DatXanhManagement/DatXanhManagement.entitlements;
				CODE_SIGN_STYLE = Automatic;
				DEVELOPMENT_TEAM = WY86QYTGHL;
				INFOPLIST_FILE = DatXanhManagement/Info.plist;
				IPHONEOS_DEPLOYMENT_TARGET = 10.0;
				LD_RUNPATH_SEARCH_PATHS = (
					"$(inherited)",
					"@executable_path/Frameworks",
				);
				PRODUCT_BUNDLE_IDENTIFIER = com.tdtInc.DatXanhManagement;
				PRODUCT_NAME = "$(TARGET_NAME)";
				SWIFT_OBJC_BRIDGING_HEADER = "";
				SWIFT_VERSION = 4.2;
				TARGETED_DEVICE_FAMILY = 1;
			};
			name = Debug;
		};
		804F4FD722DB67190083044C /* Release */ = {
			isa = XCBuildConfiguration;
			baseConfigurationReference = E8E4AECCFA8F47DDDAD807B6 /* Pods-DatXanhManagement.release.xcconfig */;
			buildSettings = {
				ALWAYS_EMBED_SWIFT_STANDARD_LIBRARIES = YES;
				ASSETCATALOG_COMPILER_APPICON_NAME = AppIcon;
				CODE_SIGN_ENTITLEMENTS = DatXanhManagement/DatXanhManagement.entitlements;
				CODE_SIGN_STYLE = Automatic;
				DEVELOPMENT_TEAM = WY86QYTGHL;
				INFOPLIST_FILE = DatXanhManagement/Info.plist;
				IPHONEOS_DEPLOYMENT_TARGET = 10.0;
				LD_RUNPATH_SEARCH_PATHS = (
					"$(inherited)",
					"@executable_path/Frameworks",
				);
				PRODUCT_BUNDLE_IDENTIFIER = com.tdtInc.DatXanhManagement;
				PRODUCT_NAME = "$(TARGET_NAME)";
				SWIFT_OBJC_BRIDGING_HEADER = "";
				SWIFT_VERSION = 4.2;
				TARGETED_DEVICE_FAMILY = 1;
			};
			name = Release;
		};
/* End XCBuildConfiguration section */

/* Begin XCConfigurationList section */
		800EC67C22F527ED00E1CBA9 /* Build configuration list for PBXNativeTarget "OneSignalNotificationServiceExtension" */ = {
			isa = XCConfigurationList;
			buildConfigurations = (
				800EC67A22F527ED00E1CBA9 /* Debug */,
				800EC67B22F527ED00E1CBA9 /* Release */,
			);
			defaultConfigurationIsVisible = 0;
			defaultConfigurationName = Release;
		};
		804F4FBE22DB67180083044C /* Build configuration list for PBXProject "DatXanhManagement" */ = {
			isa = XCConfigurationList;
			buildConfigurations = (
				804F4FD322DB67190083044C /* Debug */,
				804F4FD422DB67190083044C /* Release */,
			);
			defaultConfigurationIsVisible = 0;
			defaultConfigurationName = Release;
		};
		804F4FD522DB67190083044C /* Build configuration list for PBXNativeTarget "DatXanhManagement" */ = {
			isa = XCConfigurationList;
			buildConfigurations = (
				804F4FD622DB67190083044C /* Debug */,
				804F4FD722DB67190083044C /* Release */,
			);
			defaultConfigurationIsVisible = 0;
			defaultConfigurationName = Release;
		};
/* End XCConfigurationList section */
	};
	rootObject = 804F4FBB22DB67180083044C /* Project object */;
}
